Microsoft Visual Studio Solution File, Format Version 12.00
# Visual Studio Version 17
VisualStudioVersion = 17.5.2.0
MinimumVisualStudioVersion = 10.0.40219.1
Project("{2150E333-8FDC-42A3-9474-1A3956D46DE8}") = "AI-challenge-task-11", "AI-challenge-task-11", "{0FEF6F45-ED81-36FE-CBAC-453D8FFA91FE}"
EndProject
Project("{FAE04EC0-301F-11D3-BF4B-00C04F79EFBC}") = "WhisperTranscriberApp", "AI-challenge-task-11\WhisperTranscriberApp\WhisperTranscriberApp.csproj", "{AE8F4400-62AB-D0A8-14BE-F965655526A6}"
EndProject
Global
	GlobalSection(SolutionConfigurationPlatforms) = preSolution
		Debug|Any CPU = Debug|Any CPU
		Release|Any CPU = Release|Any CPU
	EndGlobalSection
	GlobalSection(ProjectConfigurationPlatforms) = postSolution
		{AE8F4400-62AB-D0A8-14BE-F965655526A6}.Debug|Any CPU.ActiveCfg = Debug|Any CPU
		{AE8F4400-62AB-D0A8-14BE-F965655526A6}.Debug|Any CPU.Build.0 = Debug|Any CPU
		{AE8F4400-62AB-D0A8-14BE-F965655526A6}.Release|Any CPU.ActiveCfg = Release|Any CPU
		{AE8F4400-62AB-D0A8-14BE-F965655526A6}.Release|Any CPU.Build.0 = Release|Any CPU
	EndGlobalSection
	GlobalSection(SolutionProperties) = preSolution
		HideSolutionNode = FALSE
	EndGlobalSection
	GlobalSection(NestedProjects) = preSolution
		{AE8F4400-62AB-D0A8-14BE-F965655526A6} = {0FEF6F45-ED81-36FE-CBAC-453D8FFA91FE}
	EndGlobalSection
	GlobalSection(ExtensibilityGlobals) = postSolution
		SolutionGuid = {80440CB9-5A58-4F76-8B4D-9D570341B8E5}
	EndGlobalSection
EndGlobal
